
Microsoft Visual Studio Solution File, Format Version 12.00
# Visual Studio 15
VisualStudioVersion = 15.0.27703.2018
MinimumVisualStudioVersion = 10.0.40219.1
Project("{FAE04EC0-301F-11D3-BF4B-00C04F79EFBC}") = "MetroCase.Web", "MetroCase.Web\MetroCase.Web.csproj", "{DC5A2C97-412C-45B3-92AA-4FA7C3E87894}"
EndProject
Project("{FAE04EC0-301F-11D3-BF4B-00C04F79EFBC}") = "MetroCase.DataAccessLayer", "MetroCase.DataAccessLayer\MetroCase.DataAccessLayer.csproj", "{36D5A588-009A-4864-B32F-833076030766}"
EndProject
Project("{FAE04EC0-301F-11D3-BF4B-00C04F79EFBC}") = "MetroCase.BusinessLayer", "MetroCase.BusinessLayer\MetroCase.BusinessLayer.csproj", "{4E2C11D8-C51D-47DE-AEA9-4FAF6604326B}"
EndProject
Project("{FAE04EC0-301F-11D3-BF4B-00C04F79EFBC}") = "MetroCase.Entities", "MetroCase.Entities\MetroCase.Entities.csproj", "{5435F5CF-5065-45E4-8F14-36D14E988302}"
EndProject
Project("{FAE04EC0-301F-11D3-BF4B-00C04F79EFBC}") = "MetroCase.Common", "MetroCase.Common\MetroCase.Common.csproj", "{442A9F64-893F-4D21-81B8-497DB2D444B7}"
EndProject
Global
	GlobalSection(SolutionConfigurationPlatforms) = preSolution
		Debug|Any CPU = Debug|Any CPU
		Release|Any CPU = Release|Any CPU
	EndGlobalSection
	GlobalSection(ProjectConfigurationPlatforms) = postSolution
		{DC5A2C97-412C-45B3-92AA-4FA7C3E87894}.Debug|Any CPU.ActiveCfg = Debug|Any CPU
		{DC5A2C97-412C-45B3-92AA-4FA7C3E87894}.Debug|Any CPU.Build.0 = Debug|Any CPU
		{DC5A2C97-412C-45B3-92AA-4FA7C3E87894}.Release|Any CPU.ActiveCfg = Release|Any CPU
		{DC5A2C97-412C-45B3-92AA-4FA7C3E87894}.Release|Any CPU.Build.0 = Release|Any CPU
		{36D5A588-009A-4864-B32F-833076030766}.Debug|Any CPU.ActiveCfg = Debug|Any CPU
		{36D5A588-009A-4864-B32F-833076030766}.Debug|Any CPU.Build.0 = Debug|Any CPU
		{36D5A588-009A-4864-B32F-833076030766}.Release|Any CPU.ActiveCfg = Release|Any CPU
		{36D5A588-009A-4864-B32F-833076030766}.Release|Any CPU.Build.0 = Release|Any CPU
		{4E2C11D8-C51D-47DE-AEA9-4FAF6604326B}.Debug|Any CPU.ActiveCfg = Debug|Any CPU
		{4E2C11D8-C51D-47DE-AEA9-4FAF6604326B}.Debug|Any CPU.Build.0 = Debug|Any CPU
		{4E2C11D8-C51D-47DE-AEA9-4FAF6604326B}.Release|Any CPU.ActiveCfg = Release|Any CPU
		{4E2C11D8-C51D-47DE-AEA9-4FAF6604326B}.Release|Any CPU.Build.0 = Release|Any CPU
		{5435F5CF-5065-45E4-8F14-36D14E988302}.Debug|Any CPU.ActiveCfg = Debug|Any CPU
		{5435F5CF-5065-45E4-8F14-36D14E988302}.Debug|Any CPU.Build.0 = Debug|Any CPU
		{5435F5CF-5065-45E4-8F14-36D14E988302}.Release|Any CPU.ActiveCfg = Release|Any CPU
		{5435F5CF-5065-45E4-8F14-36D14E988302}.Release|Any CPU.Build.0 = Release|Any CPU
		{442A9F64-893F-4D21-81B8-497DB2D444B7}.Debug|Any CPU.ActiveCfg = Debug|Any CPU
		{442A9F64-893F-4D21-81B8-497DB2D444B7}.Debug|Any CPU.Build.0 = Debug|Any CPU
		{442A9F64-893F-4D21-81B8-497DB2D444B7}.Release|Any CPU.ActiveCfg = Release|Any CPU
		{442A9F64-893F-4D21-81B8-497DB2D444B7}.Release|Any CPU.Build.0 = Release|Any CPU
	EndGlobalSection
	GlobalSection(SolutionProperties) = preSolution
		HideSolutionNode = FALSE
	EndGlobalSection
	GlobalSection(ExtensibilityGlobals) = postSolution
		SolutionGuid = {922C37D4-BA65-406C-9FDC-D5089A5AE89B}
	EndGlobalSection
EndGlobal
